
Microsoft Visual Studio Solution File, Format Version 12.00
# Visual Studio Version 17
VisualStudioVersion = 17.8.34330.188
MinimumVisualStudioVersion = 10.0.40219.1
Project("{FAE04EC0-301F-11D3-BF4B-00C04F79EFBC}") = "Lab10", "Lab10\Lab10.csproj", "{0F66F7FB-6CE4-4A16-ADD2-A58359CCAF95}"
EndProject
Global
	GlobalSection(SolutionConfigurationPlatforms) = preSolution
		Debug|Any CPU = Debug|Any CPU
		Release|Any CPU = Release|Any CPU
	EndGlobalSection
	GlobalSection(ProjectConfigurationPlatforms) = postSolution
		{0F66F7FB-6CE4-4A16-ADD2-A58359CCAF95}.Debug|Any CPU.ActiveCfg = Debug|Any CPU
		{0F66F7FB-6CE4-4A16-ADD2-A58359CCAF95}.Debug|Any CPU.Build.0 = Debug|Any CPU
		{0F66F7FB-6CE4-4A16-ADD2-A58359CCAF95}.Release|Any CPU.ActiveCfg = Release|Any CPU
		{0F66F7FB-6CE4-4A16-ADD2-A58359CCAF95}.Release|Any CPU.Build.0 = Release|Any CPU
	EndGlobalSection
	GlobalSection(SolutionProperties) = preSolution
		HideSolutionNode = FALSE
	EndGlobalSection
	GlobalSection(ExtensibilityGlobals) = postSolution
		SolutionGuid = {3B266D4A-0325-4603-A1AE-D0CE37ECF73D}
	EndGlobalSection
EndGlobal
